// !$*UTF8*$!
{
	archiveVersion = 1;
	classes = {
	};
	objectVersion = 56;
	objects = {

/* Begin PBXBuildFile section */
		3F8F7CFA2AE535F200B02E41 /* InfoView.swift in Sources */ = {isa = PBXBuildFile; fileRef = 3F8F7CF92AE535F200B02E41 /* InfoView.swift */; };
		3F8F7CFC2AE5363900B02E41 /* NameInputView.swift in Sources */ = {isa = PBXBuildFile; fileRef = 3F8F7CFB2AE5363900B02E41 /* NameInputView.swift */; };
		3F8F7CFF2AE55A0400B02E41 /* Variables.swift in Sources */ = {isa = PBXBuildFile; fileRef = 3F8F7CFE2AE55A0400B02E41 /* Variables.swift */; };
		3F8F7D012AE63E0B00B02E41 /* ScreenStyle.swift in Sources */ = {isa = PBXBuildFile; fileRef = 3F8F7D002AE63E0B00B02E41 /* ScreenStyle.swift */; };
		3F8F7D032AE6424800B02E41 /* NavigationView.swift in Sources */ = {isa = PBXBuildFile; fileRef = 3F8F7D022AE6424800B02E41 /* NavigationView.swift */; };
		3F8F7D062AE64C9800B02E41 /* Extencions.swift in Sources */ = {isa = PBXBuildFile; fileRef = 3F8F7D052AE64C9800B02E41 /* Extencions.swift */; };
		3F8F7D082AE64FFE00B02E41 /* ScoreView.swift in Sources */ = {isa = PBXBuildFile; fileRef = 3F8F7D072AE64FFE00B02E41 /* ScoreView.swift */; };
		638D71272AC8793400515187 /* ColorMatch2App.swift in Sources */ = {isa = PBXBuildFile; fileRef = 638D71262AC8793400515187 /* ColorMatch2App.swift */; };
		638D71292AC8793400515187 /* GameView.swift in Sources */ = {isa = PBXBuildFile; fileRef = 638D71282AC8793400515187 /* GameView.swift */; };
		638D712B2AC8793600515187 /* Assets.xcassets in Resources */ = {isa = PBXBuildFile; fileRef = 638D712A2AC8793600515187 /* Assets.xcassets */; };
		638D712E2AC8793600515187 /* Preview Assets.xcassets in Resources */ = {isa = PBXBuildFile; fileRef = 638D712D2AC8793600515187 /* Preview Assets.xcassets */; };
		CA0C66152AD128C700DB99EA /* ButtonStyles.swift in Sources */ = {isa = PBXBuildFile; fileRef = CA0C66142AD128C700DB99EA /* ButtonStyles.swift */; };
		CA0C66192AD1293500DB99EA /* GameLogic.swift in Sources */ = {isa = PBXBuildFile; fileRef = CA0C66182AD1293500DB99EA /* GameLogic.swift */; };
		CA49AA162AE6ACBF00087D16 /* Montserrat-Bold.ttf in Resources */ = {isa = PBXBuildFile; fileRef = CA49AA152AE6ACBF00087D16 /* Montserrat-Bold.ttf */; };
		CA49AA192AE6B49B00087D16 /* GameSettings.swift in Sources */ = {isa = PBXBuildFile; fileRef = CA49AA182AE6B49B00087D16 /* GameSettings.swift */; };
/* End PBXBuildFile section */

/* Begin PBXFileReference section */
		3F8F7CF92AE535F200B02E41 /* InfoView.swift */ = {isa = PBXFileReference; lastKnownFileType = sourcecode.swift; path = InfoView.swift; sourceTree = "<group>"; };
		3F8F7CFB2AE5363900B02E41 /* NameInputView.swift */ = {isa = PBXFileReference; lastKnownFileType = sourcecode.swift; path = NameInputView.swift; sourceTree = "<group>"; };
		3F8F7CFE2AE55A0400B02E41 /* Variables.swift */ = {isa = PBXFileReference; lastKnownFileType = sourcecode.swift; path = Variables.swift; sourceTree = "<group>"; };
		3F8F7D002AE63E0B00B02E41 /* ScreenStyle.swift */ = {isa = PBXFileReference; lastKnownFileType = sourcecode.swift; path = ScreenStyle.swift; sourceTree = "<group>"; };
		3F8F7D022AE6424800B02E41 /* NavigationView.swift */ = {isa = PBXFileReference; lastKnownFileType = sourcecode.swift; path = NavigationView.swift; sourceTree = "<group>"; };
		3F8F7D052AE64C9800B02E41 /* Extencions.swift */ = {isa = PBXFileReference; lastKnownFileType = sourcecode.swift; path = Extencions.swift; sourceTree = "<group>"; };
		3F8F7D072AE64FFE00B02E41 /* ScoreView.swift */ = {isa = PBXFileReference; lastKnownFileType = sourcecode.swift; path = ScoreView.swift; sourceTree = "<group>"; };
		638D71232AC8793400515187 /* ColorMatch2.app */ = {isa = PBXFileReference; explicitFileType = wrapper.application; includeInIndex = 0; path = ColorMatch2.app; sourceTree = BUILT_PRODUCTS_DIR; };
		638D71262AC8793400515187 /* ColorMatch2App.swift */ = {isa = PBXFileReference; lastKnownFileType = sourcecode.swift; path = ColorMatch2App.swift; sourceTree = "<group>"; };
		638D71282AC8793400515187 /* GameView.swift */ = {isa = PBXFileReference; lastKnownFileType = sourcecode.swift; path = GameView.swift; sourceTree = "<group>"; };
		638D712A2AC8793600515187 /* Assets.xcassets */ = {isa = PBXFileReference; lastKnownFileType = folder.assetcatalog; path = Assets.xcassets; sourceTree = "<group>"; };
		638D712D2AC8793600515187 /* Preview Assets.xcassets */ = {isa = PBXFileReference; lastKnownFileType = folder.assetcatalog; path = "Preview Assets.xcassets"; sourceTree = "<group>"; };
		CA0C66142AD128C700DB99EA /* ButtonStyles.swift */ = {isa = PBXFileReference; lastKnownFileType = sourcecode.swift; path = ButtonStyles.swift; sourceTree = "<group>"; };
		CA0C66182AD1293500DB99EA /* GameLogic.swift */ = {isa = PBXFileReference; lastKnownFileType = sourcecode.swift; path = GameLogic.swift; sourceTree = "<group>"; };
		CA49AA152AE6ACBF00087D16 /* Montserrat-Bold.ttf */ = {isa = PBXFileReference; lastKnownFileType = file; path = "Montserrat-Bold.ttf"; sourceTree = "<group>"; };
		CA49AA172AE6ACE700087D16 /* Info.plist */ = {isa = PBXFileReference; lastKnownFileType = text.plist; path = Info.plist; sourceTree = "<group>"; };
		CA49AA182AE6B49B00087D16 /* GameSettings.swift */ = {isa = PBXFileReference; lastKnownFileType = sourcecode.swift; path = GameSettings.swift; sourceTree = "<group>"; };
/* End PBXFileReference section */

/* Begin PBXFrameworksBuildPhase section */
		638D71202AC8793400515187 /* Frameworks */ = {
			isa = PBXFrameworksBuildPhase;
			buildActionMask = 2147483647;
			files = (
			);
			runOnlyForDeploymentPostprocessing = 0;
		};
/* End PBXFrameworksBuildPhase section */

/* Begin PBXGroup section */
		638D711A2AC8793400515187 = {
			isa = PBXGroup;
			children = (
				638D71252AC8793400515187 /* ColorMatch2 */,
				638D71242AC8793400515187 /* Products */,
			);
			sourceTree = "<group>";
		};
		638D71242AC8793400515187 /* Products */ = {
			isa = PBXGroup;
			children = (
				638D71232AC8793400515187 /* ColorMatch2.app */,
			);
			name = Products;
			sourceTree = "<group>";
		};
		638D71252AC8793400515187 /* ColorMatch2 */ = {
			isa = PBXGroup;
			children = (
				CA49AA172AE6ACE700087D16 /* Info.plist */,
				638D71262AC8793400515187 /* ColorMatch2App.swift */,
				CA0C661A2AD1294300DB99EA /* Services */,
				CA0C66172AD128FD00DB99EA /* Views */,
				CA0C66162AD128F500DB99EA /* Styles */,
				638D712A2AC8793600515187 /* Assets.xcassets */,
				CA49AA152AE6ACBF00087D16 /* Montserrat-Bold.ttf */,
				638D712C2AC8793600515187 /* Preview Content */,
			);
			path = ColorMatch2;
			sourceTree = "<group>";
		};
		638D712C2AC8793600515187 /* Preview Content */ = {
			isa = PBXGroup;
			children = (
				638D712D2AC8793600515187 /* Preview Assets.xcassets */,
			);
			path = "Preview Content";
			sourceTree = "<group>";
		};
		CA0C66162AD128F500DB99EA /* Styles */ = {
			isa = PBXGroup;
			children = (
				CA0C66142AD128C700DB99EA /* ButtonStyles.swift */,
				3F8F7D002AE63E0B00B02E41 /* ScreenStyle.swift */,
				3F8F7D022AE6424800B02E41 /* NavigationView.swift */,
			);
			path = Styles;
			sourceTree = "<group>";
		};
		CA0C66172AD128FD00DB99EA /* Views */ = {
			isa = PBXGroup;
			children = (
				638D71282AC8793400515187 /* GameView.swift */,
				3F8F7CF92AE535F200B02E41 /* InfoView.swift */,
				3F8F7CFB2AE5363900B02E41 /* NameInputView.swift */,
				3F8F7D072AE64FFE00B02E41 /* ScoreView.swift */,
			);
			name = Views;
			sourceTree = "<group>";
		};
		CA0C661A2AD1294300DB99EA /* Services */ = {
			isa = PBXGroup;
			children = (
				CA0C66182AD1293500DB99EA /* GameLogic.swift */,
				CA49AA182AE6B49B00087D16 /* GameSettings.swift */,
				3F8F7CFE2AE55A0400B02E41 /* Variables.swift */,
				3F8F7D052AE64C9800B02E41 /* Extencions.swift */,
			);
			path = Services;
			sourceTree = "<group>";
		};
/* End PBXGroup section */

/* Begin PBXNativeTarget section */
		638D71222AC8793400515187 /* ColorMatch2 */ = {
			isa = PBXNativeTarget;
			buildConfigurationList = 638D71312AC8793600515187 /* Build configuration list for PBXNativeTarget "ColorMatch2" */;
			buildPhases = (
				638D711F2AC8793400515187 /* Sources */,
				638D71202AC8793400515187 /* Frameworks */,
				638D71212AC8793400515187 /* Resources */,
			);
			buildRules = (
			);
			dependencies = (
			);
			name = ColorMatch2;
			productName = ColorMatch2;
			productReference = 638D71232AC8793400515187 /* ColorMatch2.app */;
			productType = "com.apple.product-type.application";
		};
/* End PBXNativeTarget section */

/* Begin PBXProject section */
		638D711B2AC8793400515187 /* Project object */ = {
			isa = PBXProject;
			attributes = {
				BuildIndependentTargetsInParallel = 1;
				LastSwiftUpdateCheck = 1500;
				LastUpgradeCheck = 1500;
				TargetAttributes = {
					638D71222AC8793400515187 = {
						CreatedOnToolsVersion = 15.0;
					};
				};
			};
			buildConfigurationList = 638D711E2AC8793400515187 /* Build configuration list for PBXProject "ColorMatch2" */;
			compatibilityVersion = "Xcode 14.0";
			developmentRegion = en;
			hasScannedForEncodings = 0;
			knownRegions = (
				en,
				Base,
			);
			mainGroup = 638D711A2AC8793400515187;
			productRefGroup = 638D71242AC8793400515187 /* Products */;
			projectDirPath = "";
			projectRoot = "";
			targets = (
				638D71222AC8793400515187 /* ColorMatch2 */,
			);
		};
/* End PBXProject section */

/* Begin PBXResourcesBuildPhase section */
		638D71212AC8793400515187 /* Resources */ = {
			isa = PBXResourcesBuildPhase;
			buildActionMask = 2147483647;
			files = (
				638D712E2AC8793600515187 /* Preview Assets.xcassets in Resources */,
				638D712B2AC8793600515187 /* Assets.xcassets in Resources */,
				CA49AA162AE6ACBF00087D16 /* Montserrat-Bold.ttf in Resources */,
			);
			runOnlyForDeploymentPostprocessing = 0;
		};
/* End PBXResourcesBuildPhase section */

/* Begin PBXSourcesBuildPhase section */
		638D711F2AC8793400515187 /* Sources */ = {
			isa = PBXSourcesBuildPhase;
			buildActionMask = 2147483647;
			files = (
				638D71292AC8793400515187 /* GameView.swift in Sources */,
				3F8F7D032AE6424800B02E41 /* NavigationView.swift in Sources */,
				3F8F7CFF2AE55A0400B02E41 /* Variables.swift in Sources */,
				CA0C66192AD1293500DB99EA /* GameLogic.swift in Sources */,
				3F8F7CFC2AE5363900B02E41 /* NameInputView.swift in Sources */,
				CA0C66152AD128C700DB99EA /* ButtonStyles.swift in Sources */,
				3F8F7D012AE63E0B00B02E41 /* ScreenStyle.swift in Sources */,
				3F8F7D082AE64FFE00B02E41 /* ScoreView.swift in Sources */,
				CA49AA192AE6B49B00087D16 /* GameSettings.swift in Sources */,
				3F8F7D062AE64C9800B02E41 /* Extencions.swift in Sources */,
				3F8F7CFA2AE535F200B02E41 /* InfoView.swift in Sources */,
				638D71272AC8793400515187 /* ColorMatch2App.swift in Sources */,
			);
			runOnlyForDeploymentPostprocessing = 0;
		};
/* End PBXSourcesBuildPhase section */

/* Begin XCBuildConfiguration section */
		638D712F2AC8793600515187 /* Debug */ = {
			isa = XCBuildConfiguration;
			buildSettings = {
				ALWAYS_SEARCH_USER_PATHS = NO;
				ASSETCATALOG_COMPILER_GENERATE_SWIFT_ASSET_SYMBOL_EXTENSIONS = YES;
				CLANG_ANALYZER_NONNULL = YES;
				CLANG_ANALYZER_NUMBER_OBJECT_CONVERSION = YES_AGGRESSIVE;
				CLANG_CXX_LANGUAGE_STANDARD = "gnu++20";
				CLANG_ENABLE_MODULES = YES;
				CLANG_ENABLE_OBJC_ARC = YES;
				CLANG_ENABLE_OBJC_WEAK = YES;
				CLANG_WARN_BLOCK_CAPTURE_AUTORELEASING = YES;
				CLANG_WARN_BOOL_CONVERSION = YES;
				CLANG_WARN_COMMA = YES;
				CLANG_WARN_CONSTANT_CONVERSION = YES;
				CLANG_WARN_DEPRECATED_OBJC_IMPLEMENTATIONS = YES;
				CLANG_WARN_DIRECT_OBJC_ISA_USAGE = YES_ERROR;
				CLANG_WARN_DOCUMENTATION_COMMENTS = YES;
				CLANG_WARN_EMPTY_BODY = YES;
				CLANG_WARN_ENUM_CONVERSION = YES;
				CLANG_WARN_INFINITE_RECURSION = YES;
				CLANG_WARN_INT_CONVERSION = YES;
				CLANG_WARN_NON_LITERAL_NULL_CONVERSION = YES;
				CLANG_WARN_OBJC_IMPLICIT_RETAIN_SELF = YES;
				CLANG_WARN_OBJC_LITERAL_CONVERSION = YES;
				CLANG_WARN_OBJC_ROOT_CLASS = YES_ERROR;
				CLANG_WARN_QUOTED_INCLUDE_IN_FRAMEWORK_HEADER = YES;
				CLANG_WARN_RANGE_LOOP_ANALYSIS = YES;
				CLANG_WARN_STRICT_PROTOTYPES = YES;
				CLANG_WARN_SUSPICIOUS_MOVE = YES;
				CLANG_WARN_UNGUARDED_AVAILABILITY = YES_AGGRESSIVE;
				CLANG_WARN_UNREACHABLE_CODE = YES;
				CLANG_WARN__DUPLICATE_METHOD_MATCH = YES;
				COPY_PHASE_STRIP = NO;
				DEBUG_INFORMATION_FORMAT = dwarf;
				ENABLE_STRICT_OBJC_MSGSEND = YES;
				ENABLE_TESTABILITY = YES;
				ENABLE_USER_SCRIPT_SANDBOXING = YES;
				GCC_C_LANGUAGE_STANDARD = gnu17;
				GCC_DYNAMIC_NO_PIC = NO;
				GCC_NO_COMMON_BLOCKS = YES;
				GCC_OPTIMIZATION_LEVEL = 0;
				GCC_PREPROCESSOR_DEFINITIONS = (
					"DEBUG=1",
					"$(inherited)",
				);
				GCC_WARN_64_TO_32_BIT_CONVERSION = YES;
				GCC_WARN_ABOUT_RETURN_TYPE = YES_ERROR;
				GCC_WARN_UNDECLARED_SELECTOR = YES;
				GCC_WARN_UNINITIALIZED_AUTOS = YES_AGGRESSIVE;
				GCC_WARN_UNUSED_FUNCTION = YES;
				GCC_WARN_UNUSED_VARIABLE = YES;
				IPHONEOS_DEPLOYMENT_TARGET = 17.0;
				LOCALIZATION_PREFERS_STRING_CATALOGS = YES;
				MTL_ENABLE_DEBUG_INFO = INCLUDE_SOURCE;
				MTL_FAST_MATH = YES;
				ONLY_ACTIVE_ARCH = YES;
				SDKROOT = iphoneos;
				SWIFT_ACTIVE_COMPILATION_CONDITIONS = "DEBUG $(inherited)";
				SWIFT_OPTIMIZATION_LEVEL = "-Onone";
			};
			name = Debug;
		};
		638D71302AC8793600515187 /* Release */ = {
			isa = XCBuildConfiguration;
			buildSettings = {
				ALWAYS_SEARCH_USER_PATHS = NO;
				ASSETCATALOG_COMPILER_GENERATE_SWIFT_ASSET_SYMBOL_EXTENSIONS = YES;
				CLANG_ANALYZER_NONNULL = YES;
				CLANG_ANALYZER_NUMBER_OBJECT_CONVERSION = YES_AGGRESSIVE;
				CLANG_CXX_LANGUAGE_STANDARD = "gnu++20";
				CLANG_ENABLE_MODULES = YES;
				CLANG_ENABLE_OBJC_ARC = YES;
				CLANG_ENABLE_OBJC_WEAK = YES;
				CLANG_WARN_BLOCK_CAPTURE_AUTORELEASING = YES;
				CLANG_WARN_BOOL_CONVERSION = YES;
				CLANG_WARN_COMMA = YES;
				CLANG_WARN_CONSTANT_CONVERSION = YES;
				CLANG_WARN_DEPRECATED_OBJC_IMPLEMENTATIONS = YES;
				CLANG_WARN_DIRECT_OBJC_ISA_USAGE = YES_ERROR;
				CLANG_WARN_DOCUMENTATION_COMMENTS = YES;
				CLANG_WARN_EMPTY_BODY = YES;
				CLANG_WARN_ENUM_CONVERSION = YES;
				CLANG_WARN_INFINITE_RECURSION = YES;
				CLANG_WARN_INT_CONVERSION = YES;
				CLANG_WARN_NON_LITERAL_NULL_CONVERSION = YES;
				CLANG_WARN_OBJC_IMPLICIT_RETAIN_SELF = YES;
				CLANG_WARN_OBJC_LITERAL_CONVERSION = YES;
				CLANG_WARN_OBJC_ROOT_CLASS = YES_ERROR;
				CLANG_WARN_QUOTED_INCLUDE_IN_FRAMEWORK_HEADER = YES;
				CLANG_WARN_RANGE_LOOP_ANALYSIS = YES;
				CLANG_WARN_STRICT_PROTOTYPES = YES;
				CLANG_WARN_SUSPICIOUS_MOVE = YES;
				CLANG_WARN_UNGUARDED_AVAILABILITY = YES_AGGRESSIVE;
				CLANG_WARN_UNREACHABLE_CODE = YES;
				CLANG_WARN__DUPLICATE_METHOD_MATCH = YES;
				COPY_PHASE_STRIP = NO;
				DEBUG_INFORMATION_FORMAT = "dwarf-with-dsym";
				ENABLE_NS_ASSERTIONS = NO;
				ENABLE_STRICT_OBJC_MSGSEND = YES;
				ENABLE_USER_SCRIPT_SANDBOXING = YES;
				GCC_C_LANGUAGE_STANDARD = gnu17;
				GCC_NO_COMMON_BLOCKS = YES;
				GCC_WARN_64_TO_32_BIT_CONVERSION = YES;
				GCC_WARN_ABOUT_RETURN_TYPE = YES_ERROR;
				GCC_WARN_UNDECLARED_SELECTOR = YES;
				GCC_WARN_UNINITIALIZED_AUTOS = YES_AGGRESSIVE;
				GCC_WARN_UNUSED_FUNCTION = YES;
				GCC_WARN_UNUSED_VARIABLE = YES;
				IPHONEOS_DEPLOYMENT_TARGET = 17.0;
				LOCALIZATION_PREFERS_STRING_CATALOGS = YES;
				MTL_ENABLE_DEBUG_INFO = NO;
				MTL_FAST_MATH = YES;
				SDKROOT = iphoneos;
				SWIFT_COMPILATION_MODE = wholemodule;
				VALIDATE_PRODUCT = YES;
			};
			name = Release;
		};
		638D71322AC8793600515187 /* Debug */ = {
			isa = XCBuildConfiguration;
			buildSettings = {
				ASSETCATALOG_COMPILER_APPICON_NAME = AppIcon;
				ASSETCATALOG_COMPILER_GLOBAL_ACCENT_COLOR_NAME = AccentColor;
				CODE_SIGN_STYLE = Automatic;
				CURRENT_PROJECT_VERSION = 1;
				DEVELOPMENT_ASSET_PATHS = "\"ColorMatch2/Preview Content\"";
				ENABLE_PREVIEWS = YES;
				GENERATE_INFOPLIST_FILE = YES;
				INFOPLIST_FILE = ColorMatch2/Info.plist;
				INFOPLIST_KEY_UIApplicationSceneManifest_Generation = YES;
				INFOPLIST_KEY_UIApplicationSupportsIndirectInputEvents = YES;
				INFOPLIST_KEY_UILaunchScreen_Generation = YES;
				INFOPLIST_KEY_UISupportedInterfaceOrientations_iPad = "UIInterfaceOrientationPortrait UIInterfaceOrientationPortraitUpsideDown UIInterfaceOrientationLandscapeLeft UIInterfaceOrientationLandscapeRight";
				INFOPLIST_KEY_UISupportedInterfaceOrientations_iPhone = "UIInterfaceOrientationPortrait UIInterfaceOrientationLandscapeLeft UIInterfaceOrientationLandscapeRight";
				IPHONEOS_DEPLOYMENT_TARGET = 16.0;
				LD_RUNPATH_SEARCH_PATHS = (
					"$(inherited)",
					"@executable_path/Frameworks",
				);
				MARKETING_VERSION = 1.0;
				PRODUCT_BUNDLE_IDENTIFIER = justcode.ColorMatch2;
				PRODUCT_NAME = "$(TARGET_NAME)";
				SWIFT_EMIT_LOC_STRINGS = YES;
				SWIFT_VERSION = 5.0;
				TARGETED_DEVICE_FAMILY = "1,2";
			};
			name = Debug;
		};
		638D71332AC8793600515187 /* Release */ = {
			isa = XCBuildConfiguration;
			buildSettings = {
				ASSETCATALOG_COMPILER_APPICON_NAME = AppIcon;
				ASSETCATALOG_COMPILER_GLOBAL_ACCENT_COLOR_NAME = AccentColor;
				CODE_SIGN_STYLE = Automatic;
				CURRENT_PROJECT_VERSION = 1;
				DEVELOPMENT_ASSET_PATHS = "\"ColorMatch2/Preview Content\"";
				ENABLE_PREVIEWS = YES;
				GENERATE_INFOPLIST_FILE = YES;
				INFOPLIST_FILE = ColorMatch2/Info.plist;
				INFOPLIST_KEY_UIApplicationSceneManifest_Generation = YES;
				INFOPLIST_KEY_UIApplicationSupportsIndirectInputEvents = YES;
				INFOPLIST_KEY_UILaunchScreen_Generation = YES;
				INFOPLIST_KEY_UISupportedInterfaceOrientations_iPad = "UIInterfaceOrientationPortrait UIInterfaceOrientationPortraitUpsideDown UIInterfaceOrientationLandscapeLeft UIInterfaceOrientationLandscapeRight";
				INFOPLIST_KEY_UISupportedInterfaceOrientations_iPhone = "UIInterfaceOrientationPortrait UIInterfaceOrientationLandscapeLeft UIInterfaceOrientationLandscapeRight";
				IPHONEOS_DEPLOYMENT_TARGET = 16.0;
				LD_RUNPATH_SEARCH_PATHS = (
					"$(inherited)",
					"@executable_path/Frameworks",
				);
				MARKETING_VERSION = 1.0;
				PRODUCT_BUNDLE_IDENTIFIER = justcode.ColorMatch2;
				PRODUCT_NAME = "$(TARGET_NAME)";
				SWIFT_EMIT_LOC_STRINGS = YES;
				SWIFT_VERSION = 5.0;
				TARGETED_DEVICE_FAMILY = "1,2";
			};
			name = Release;
		};
/* End XCBuildConfiguration section */

/* Begin XCConfigurationList section */
		638D711E2AC8793400515187 /* Build configuration list for PBXProject "ColorMatch2" */ = {
			isa = XCConfigurationList;
			buildConfigurations = (
				638D712F2AC8793600515187 /* Debug */,
				638D71302AC8793600515187 /* Release */,
			);
			defaultConfigurationIsVisible = 0;
			defaultConfigurationName = Release;
		};
		638D71312AC8793600515187 /* Build configuration list for PBXNativeTarget "ColorMatch2" */ = {
			isa = XCConfigurationList;
			buildConfigurations = (
				638D71322AC8793600515187 /* Debug */,
				638D71332AC8793600515187 /* Release */,
			);
			defaultConfigurationIsVisible = 0;
			defaultConfigurationName = Release;
		};
/* End XCConfigurationList section */
	};
	rootObject = 638D711B2AC8793400515187 /* Project object */;
}
